
Microsoft Visual Studio Solution File, Format Version 12.00
# Visual Studio Version 17
VisualStudioVersion = 17.11.35327.3
MinimumVisualStudioVersion = 10.0.40219.1
Project("{8BC9CEB8-8B4A-11D0-8D11-00A0C91BC942}") = "Course5Problem40", "Course5Problem40.vcxproj", "{80328F10-0CD6-4313-970F-5321B901507D}"
EndProject
Global
	GlobalSection(SolutionConfigurationPlatforms) = preSolution
		Debug|x64 = Debug|x64
		Debug|x86 = Debug|x86
		Release|x64 = Release|x64
		Release|x86 = Release|x86
	EndGlobalSection
	GlobalSection(ProjectConfigurationPlatforms) = postSolution
		{80328F10-0CD6-4313-970F-5321B901507D}.Debug|x64.ActiveCfg = Debug|x64
		{80328F10-0CD6-4313-970F-5321B901507D}.Debug|x64.Build.0 = Debug|x64
		{80328F10-0CD6-4313-970F-5321B901507D}.Debug|x86.ActiveCfg = Debug|Win32
		{80328F10-0CD6-4313-970F-5321B901507D}.Debug|x86.Build.0 = Debug|Win32
		{80328F10-0CD6-4313-970F-5321B901507D}.Release|x64.ActiveCfg = Release|x64
		{80328F10-0CD6-4313-970F-5321B901507D}.Release|x64.Build.0 = Release|x64
		{80328F10-0CD6-4313-970F-5321B901507D}.Release|x86.ActiveCfg = Release|Win32
		{80328F10-0CD6-4313-970F-5321B901507D}.Release|x86.Build.0 = Release|Win32
	EndGlobalSection
	GlobalSection(SolutionProperties) = preSolution
		HideSolutionNode = FALSE
	EndGlobalSection
	GlobalSection(ExtensibilityGlobals) = postSolution
		SolutionGuid = {90973625-CD4F-42B8-BB13-E74024F4E850}
	EndGlobalSection
EndGlobal
